
Microsoft Visual Studio Solution File, Format Version 12.00
# Visual Studio Version 16
VisualStudioVersion = 16.0.29209.62
MinimumVisualStudioVersion = 10.0.40219.1
Project("{FAE04EC0-301F-11D3-BF4B-00C04F79EFBC}") = "ReplicateDesignI.Android", "ReplicateDesignI\ReplicateDesignI.Android\ReplicateDesignI.Android.csproj", "{7EE67A99-428E-4FCF-8DA1-2405A820B686}"
EndProject
Project("{FAE04EC0-301F-11D3-BF4B-00C04F79EFBC}") = "ReplicateDesignI.iOS", "ReplicateDesignI\ReplicateDesignI.iOS\ReplicateDesignI.iOS.csproj", "{77E76C57-C724-433E-AE3A-BE3ED62FB8DC}"
EndProject
Project("{9A19103F-16F7-4668-BE54-9A1E7A4F7556}") = "ReplicateDesignI", "ReplicateDesignI\ReplicateDesignI\ReplicateDesignI.csproj", "{AD7B7DA7-0C58-4684-924D-750434171D41}"
EndProject
Global
	GlobalSection(SolutionConfigurationPlatforms) = preSolution
		Debug|Any CPU = Debug|Any CPU
		Debug|iPhone = Debug|iPhone
		Debug|iPhoneSimulator = Debug|iPhoneSimulator
		Release|Any CPU = Release|Any CPU
		Release|iPhone = Release|iPhone
		Release|iPhoneSimulator = Release|iPhoneSimulator
	EndGlobalSection
	GlobalSection(ProjectConfigurationPlatforms) = postSolution
		{7EE67A99-428E-4FCF-8DA1-2405A820B686}.Debug|Any CPU.ActiveCfg = Debug|Any CPU
		{7EE67A99-428E-4FCF-8DA1-2405A820B686}.Debug|Any CPU.Build.0 = Debug|Any CPU
		{7EE67A99-428E-4FCF-8DA1-2405A820B686}.Debug|Any CPU.Deploy.0 = Debug|Any CPU
		{7EE67A99-428E-4FCF-8DA1-2405A820B686}.Debug|iPhone.ActiveCfg = Debug|Any CPU
		{7EE67A99-428E-4FCF-8DA1-2405A820B686}.Debug|iPhone.Build.0 = Debug|Any CPU
		{7EE67A99-428E-4FCF-8DA1-2405A820B686}.Debug|iPhone.Deploy.0 = Debug|Any CPU
		{7EE67A99-428E-4FCF-8DA1-2405A820B686}.Debug|iPhoneSimulator.ActiveCfg = Debug|Any CPU
		{7EE67A99-428E-4FCF-8DA1-2405A820B686}.Debug|iPhoneSimulator.Build.0 = Debug|Any CPU
		{7EE67A99-428E-4FCF-8DA1-2405A820B686}.Debug|iPhoneSimulator.Deploy.0 = Debug|Any CPU
		{7EE67A99-428E-4FCF-8DA1-2405A820B686}.Release|Any CPU.ActiveCfg = Release|Any CPU
		{7EE67A99-428E-4FCF-8DA1-2405A820B686}.Release|Any CPU.Build.0 = Release|Any CPU
		{7EE67A99-428E-4FCF-8DA1-2405A820B686}.Release|Any CPU.Deploy.0 = Release|Any CPU
		{7EE67A99-428E-4FCF-8DA1-2405A820B686}.Release|iPhone.ActiveCfg = Release|Any CPU
		{7EE67A99-428E-4FCF-8DA1-2405A820B686}.Release|iPhone.Build.0 = Release|Any CPU
		{7EE67A99-428E-4FCF-8DA1-2405A820B686}.Release|iPhone.Deploy.0 = Release|Any CPU
		{7EE67A99-428E-4FCF-8DA1-2405A820B686}.Release|iPhoneSimulator.ActiveCfg = Release|Any CPU
		{7EE67A99-428E-4FCF-8DA1-2405A820B686}.Release|iPhoneSimulator.Build.0 = Release|Any CPU
		{7EE67A99-428E-4FCF-8DA1-2405A820B686}.Release|iPhoneSimulator.Deploy.0 = Release|Any CPU
		{77E76C57-C724-433E-AE3A-BE3ED62FB8DC}.Debug|Any CPU.ActiveCfg = Debug|iPhoneSimulator
		{77E76C57-C724-433E-AE3A-BE3ED62FB8DC}.Debug|Any CPU.Build.0 = Debug|iPhoneSimulator
		{77E76C57-C724-433E-AE3A-BE3ED62FB8DC}.Debug|Any CPU.Deploy.0 = Debug|iPhoneSimulator
		{77E76C57-C724-433E-AE3A-BE3ED62FB8DC}.Debug|iPhone.ActiveCfg = Debug|iPhone
		{77E76C57-C724-433E-AE3A-BE3ED62FB8DC}.Debug|iPhone.Build.0 = Debug|iPhone
		{77E76C57-C724-433E-AE3A-BE3ED62FB8DC}.Debug|iPhone.Deploy.0 = Debug|iPhone
		{77E76C57-C724-433E-AE3A-BE3ED62FB8DC}.Debug|iPhoneSimulator.ActiveCfg = Debug|iPhoneSimulator
		{77E76C57-C724-433E-AE3A-BE3ED62FB8DC}.Debug|iPhoneSimulator.Build.0 = Debug|iPhoneSimulator
		{77E76C57-C724-433E-AE3A-BE3ED62FB8DC}.Debug|iPhoneSimulator.Deploy.0 = Debug|iPhoneSimulator
		{77E76C57-C724-433E-AE3A-BE3ED62FB8DC}.Release|Any CPU.ActiveCfg = Release|iPhone
		{77E76C57-C724-433E-AE3A-BE3ED62FB8DC}.Release|Any CPU.Build.0 = Release|iPhone
		{77E76C57-C724-433E-AE3A-BE3ED62FB8DC}.Release|Any CPU.Deploy.0 = Release|iPhone
		{77E76C57-C724-433E-AE3A-BE3ED62FB8DC}.Release|iPhone.ActiveCfg = Release|iPhone
		{77E76C57-C724-433E-AE3A-BE3ED62FB8DC}.Release|iPhone.Build.0 = Release|iPhone
		{77E76C57-C724-433E-AE3A-BE3ED62FB8DC}.Release|iPhone.Deploy.0 = Release|iPhone
		{77E76C57-C724-433E-AE3A-BE3ED62FB8DC}.Release|iPhoneSimulator.ActiveCfg = Release|iPhoneSimulator
		{77E76C57-C724-433E-AE3A-BE3ED62FB8DC}.Release|iPhoneSimulator.Build.0 = Release|iPhoneSimulator
		{77E76C57-C724-433E-AE3A-BE3ED62FB8DC}.Release|iPhoneSimulator.Deploy.0 = Release|iPhoneSimulator
		{AD7B7DA7-0C58-4684-924D-750434171D41}.Debug|Any CPU.ActiveCfg = Debug|Any CPU
		{AD7B7DA7-0C58-4684-924D-750434171D41}.Debug|Any CPU.Build.0 = Debug|Any CPU
		{AD7B7DA7-0C58-4684-924D-750434171D41}.Debug|Any CPU.Deploy.0 = Debug|Any CPU
		{AD7B7DA7-0C58-4684-924D-750434171D41}.Debug|iPhone.ActiveCfg = Debug|Any CPU
		{AD7B7DA7-0C58-4684-924D-750434171D41}.Debug|iPhone.Build.0 = Debug|Any CPU
		{AD7B7DA7-0C58-4684-924D-750434171D41}.Debug|iPhone.Deploy.0 = Debug|Any CPU
		{AD7B7DA7-0C58-4684-924D-750434171D41}.Debug|iPhoneSimulator.ActiveCfg = Debug|Any CPU
		{AD7B7DA7-0C58-4684-924D-750434171D41}.Debug|iPhoneSimulator.Build.0 = Debug|Any CPU
		{AD7B7DA7-0C58-4684-924D-750434171D41}.Debug|iPhoneSimulator.Deploy.0 = Debug|Any CPU
		{AD7B7DA7-0C58-4684-924D-750434171D41}.Release|Any CPU.ActiveCfg = Release|Any CPU
		{AD7B7DA7-0C58-4684-924D-750434171D41}.Release|Any CPU.Build.0 = Release|Any CPU
		{AD7B7DA7-0C58-4684-924D-750434171D41}.Release|Any CPU.Deploy.0 = Release|Any CPU
		{AD7B7DA7-0C58-4684-924D-750434171D41}.Release|iPhone.ActiveCfg = Release|Any CPU
		{AD7B7DA7-0C58-4684-924D-750434171D41}.Release|iPhone.Build.0 = Release|Any CPU
		{AD7B7DA7-0C58-4684-924D-750434171D41}.Release|iPhone.Deploy.0 = Release|Any CPU
		{AD7B7DA7-0C58-4684-924D-750434171D41}.Release|iPhoneSimulator.ActiveCfg = Release|Any CPU
		{AD7B7DA7-0C58-4684-924D-750434171D41}.Release|iPhoneSimulator.Build.0 = Release|Any CPU
		{AD7B7DA7-0C58-4684-924D-750434171D41}.Release|iPhoneSimulator.Deploy.0 = Release|Any CPU
	EndGlobalSection
	GlobalSection(SolutionProperties) = preSolution
		HideSolutionNode = FALSE
	EndGlobalSection
	GlobalSection(ExtensibilityGlobals) = postSolution
		SolutionGuid = {E84E8E32-81AA-45D8-8800-6BC968ECFC90}
	EndGlobalSection
EndGlobal
